
Microsoft Visual Studio Solution File, Format Version 12.00
# Visual Studio Version 17
VisualStudioVersion = 17.5.33414.496
MinimumVisualStudioVersion = 10.0.40219.1
Project("{9A19103F-16F7-4668-BE54-9A1E7A4F7556}") = "SupermarketWEB", "SupermarketWEB\SupermarketWEB.csproj", "{FAEEDFA5-655F-4E28-A327-415DA3C23199}"
EndProject
Project("{2150E333-8FDC-42A3-9474-1A3956D46DE8}") = "Models", "Models", "{0A431C78-E62B-418A-AD6E-A9AD9CE9BFDD}"
	ProjectSection(SolutionItems) = preProject
		Product.cs = Product.cs
	EndProjectSection
EndProject
Global
	GlobalSection(SolutionConfigurationPlatforms) = preSolution
		Debug|Any CPU = Debug|Any CPU
		Release|Any CPU = Release|Any CPU
	EndGlobalSection
	GlobalSection(ProjectConfigurationPlatforms) = postSolution
		{FAEEDFA5-655F-4E28-A327-415DA3C23199}.Debug|Any CPU.ActiveCfg = Debug|Any CPU
		{FAEEDFA5-655F-4E28-A327-415DA3C23199}.Debug|Any CPU.Build.0 = Debug|Any CPU
		{FAEEDFA5-655F-4E28-A327-415DA3C23199}.Release|Any CPU.ActiveCfg = Release|Any CPU
		{FAEEDFA5-655F-4E28-A327-415DA3C23199}.Release|Any CPU.Build.0 = Release|Any CPU
	EndGlobalSection
	GlobalSection(SolutionProperties) = preSolution
		HideSolutionNode = FALSE
	EndGlobalSection
	GlobalSection(ExtensibilityGlobals) = postSolution
		SolutionGuid = {A3316941-786D-4952-9B23-30355C71732B}
	EndGlobalSection
EndGlobal
